
Microsoft Visual Studio Solution File, Format Version 12.00
# Visual Studio Version 16
VisualStudioVersion = 16.0.32802.440
MinimumVisualStudioVersion = 10.0.40219.1
Project("{FAE04EC0-301F-11D3-BF4B-00C04F79EFBC}") = "Lecture5", "Lecture5\Lecture5.csproj", "{07B91220-FBB0-45D0-A5D3-815EC3158A85}"
EndProject
Global
	GlobalSection(SolutionConfigurationPlatforms) = preSolution
		Debug|Any CPU = Debug|Any CPU
		Release|Any CPU = Release|Any CPU
	EndGlobalSection
	GlobalSection(ProjectConfigurationPlatforms) = postSolution
		{07B91220-FBB0-45D0-A5D3-815EC3158A85}.Debug|Any CPU.ActiveCfg = Debug|Any CPU
		{07B91220-FBB0-45D0-A5D3-815EC3158A85}.Debug|Any CPU.Build.0 = Debug|Any CPU
		{07B91220-FBB0-45D0-A5D3-815EC3158A85}.Release|Any CPU.ActiveCfg = Release|Any CPU
		{07B91220-FBB0-45D0-A5D3-815EC3158A85}.Release|Any CPU.Build.0 = Release|Any CPU
	EndGlobalSection
	GlobalSection(SolutionProperties) = preSolution
		HideSolutionNode = FALSE
	EndGlobalSection
	GlobalSection(ExtensibilityGlobals) = postSolution
		SolutionGuid = {43FC9931-8641-4244-87A4-B8EED4C98CAC}
	EndGlobalSection
EndGlobal
